
Microsoft Visual Studio Solution File, Format Version 12.00
# Visual Studio Version 16
VisualStudioVersion = 16.0.30114.105
MinimumVisualStudioVersion = 10.0.40219.1
Project("{FAE04EC0-301F-11D3-BF4B-00C04F79EFBC}") = "SevDeskConnector", "SevDeskConnector\SevDeskConnector.csproj", "{631478D0-A284-4BBC-82E9-EB5D793BA6B4}"
EndProject
Project("{FAE04EC0-301F-11D3-BF4B-00C04F79EFBC}") = "SevDeskConnector.Tests", "SevDeskConnector.Tests\SevDeskConnector.Tests.csproj", "{17BC57C0-F481-408E-86B8-C87DEB11BF81}"
EndProject
Global
	GlobalSection(SolutionConfigurationPlatforms) = preSolution
		Debug|Any CPU = Debug|Any CPU
		Release|Any CPU = Release|Any CPU
	EndGlobalSection
	GlobalSection(SolutionProperties) = preSolution
		HideSolutionNode = FALSE
	EndGlobalSection
	GlobalSection(ProjectConfigurationPlatforms) = postSolution
		{631478D0-A284-4BBC-82E9-EB5D793BA6B4}.Debug|Any CPU.ActiveCfg = Debug|Any CPU
		{631478D0-A284-4BBC-82E9-EB5D793BA6B4}.Debug|Any CPU.Build.0 = Debug|Any CPU
		{631478D0-A284-4BBC-82E9-EB5D793BA6B4}.Release|Any CPU.ActiveCfg = Release|Any CPU
		{631478D0-A284-4BBC-82E9-EB5D793BA6B4}.Release|Any CPU.Build.0 = Release|Any CPU
		{17BC57C0-F481-408E-86B8-C87DEB11BF81}.Debug|Any CPU.ActiveCfg = Debug|Any CPU
		{17BC57C0-F481-408E-86B8-C87DEB11BF81}.Debug|Any CPU.Build.0 = Debug|Any CPU
		{17BC57C0-F481-408E-86B8-C87DEB11BF81}.Release|Any CPU.ActiveCfg = Release|Any CPU
		{17BC57C0-F481-408E-86B8-C87DEB11BF81}.Release|Any CPU.Build.0 = Release|Any CPU
	EndGlobalSection
EndGlobal
